
Microsoft Visual Studio Solution File, Format Version 12.00
# Visual Studio Version 16
VisualStudioVersion = 16.0.30523.141
MinimumVisualStudioVersion = 10.0.40219.1
Project("{FAE04EC0-301F-11D3-BF4B-00C04F79EFBC}") = "NinjaDomain.Classes", "NinjaDomain.Classes\NinjaDomain.Classes.csproj", "{D0EBE3E2-E11E-42B8-AC6D-656DC72E25B2}"
EndProject
Project("{FAE04EC0-301F-11D3-BF4B-00C04F79EFBC}") = "NinjaDomain.DataModel", "NinjaDomain.DataModel\NinjaDomain.DataModel.csproj", "{1D99AF3D-0041-4E93-99F0-2572BC07D8C0}"
EndProject
Project("{FAE04EC0-301F-11D3-BF4B-00C04F79EFBC}") = "EDMXFromDB", "EDMXFromDB\EDMXFromDB.csproj", "{5C76D812-8320-4145-B8CB-D72F29777463}"
EndProject
Project("{FAE04EC0-301F-11D3-BF4B-00C04F79EFBC}") = "ConsoleApplication", "ConsoleApplication\ConsoleApplication.csproj", "{2B9BC938-53DB-473F-8850-74E88A551016}"
EndProject
Global
	GlobalSection(SolutionConfigurationPlatforms) = preSolution
		Debug|Any CPU = Debug|Any CPU
		Release|Any CPU = Release|Any CPU
	EndGlobalSection
	GlobalSection(ProjectConfigurationPlatforms) = postSolution
		{D0EBE3E2-E11E-42B8-AC6D-656DC72E25B2}.Debug|Any CPU.ActiveCfg = Debug|Any CPU
		{D0EBE3E2-E11E-42B8-AC6D-656DC72E25B2}.Debug|Any CPU.Build.0 = Debug|Any CPU
		{D0EBE3E2-E11E-42B8-AC6D-656DC72E25B2}.Release|Any CPU.ActiveCfg = Release|Any CPU
		{D0EBE3E2-E11E-42B8-AC6D-656DC72E25B2}.Release|Any CPU.Build.0 = Release|Any CPU
		{1D99AF3D-0041-4E93-99F0-2572BC07D8C0}.Debug|Any CPU.ActiveCfg = Debug|Any CPU
		{1D99AF3D-0041-4E93-99F0-2572BC07D8C0}.Debug|Any CPU.Build.0 = Debug|Any CPU
		{1D99AF3D-0041-4E93-99F0-2572BC07D8C0}.Release|Any CPU.ActiveCfg = Release|Any CPU
		{1D99AF3D-0041-4E93-99F0-2572BC07D8C0}.Release|Any CPU.Build.0 = Release|Any CPU
		{5C76D812-8320-4145-B8CB-D72F29777463}.Debug|Any CPU.ActiveCfg = Debug|Any CPU
		{5C76D812-8320-4145-B8CB-D72F29777463}.Debug|Any CPU.Build.0 = Debug|Any CPU
		{5C76D812-8320-4145-B8CB-D72F29777463}.Release|Any CPU.ActiveCfg = Release|Any CPU
		{5C76D812-8320-4145-B8CB-D72F29777463}.Release|Any CPU.Build.0 = Release|Any CPU
		{2B9BC938-53DB-473F-8850-74E88A551016}.Debug|Any CPU.ActiveCfg = Debug|Any CPU
		{2B9BC938-53DB-473F-8850-74E88A551016}.Debug|Any CPU.Build.0 = Debug|Any CPU
		{2B9BC938-53DB-473F-8850-74E88A551016}.Release|Any CPU.ActiveCfg = Release|Any CPU
		{2B9BC938-53DB-473F-8850-74E88A551016}.Release|Any CPU.Build.0 = Release|Any CPU
	EndGlobalSection
	GlobalSection(SolutionProperties) = preSolution
		HideSolutionNode = FALSE
	EndGlobalSection
	GlobalSection(ExtensibilityGlobals) = postSolution
		SolutionGuid = {BA581580-B830-4100-8333-4F1438A8494E}
	EndGlobalSection
EndGlobal
